// !$*UTF8*$!
{
	archiveVersion = 1;
	classes = {
	};
	objectVersion = 48;
	objects = {

/* Begin PBXBuildFile section */
		195755412090685F007C88B6 /* AppDelegate.swift in Sources */ = {isa = PBXBuildFile; fileRef = 195755402090685F007C88B6 /* AppDelegate.swift */; };
		195755432090685F007C88B6 /* ViewController.swift in Sources */ = {isa = PBXBuildFile; fileRef = 195755422090685F007C88B6 /* ViewController.swift */; };
		195755462090685F007C88B6 /* Main.storyboard in Resources */ = {isa = PBXBuildFile; fileRef = 195755442090685F007C88B6 /* Main.storyboard */; };
		195755482090685F007C88B6 /* Assets.xcassets in Resources */ = {isa = PBXBuildFile; fileRef = 195755472090685F007C88B6 /* Assets.xcassets */; };
		1957554B2090685F007C88B6 /* LaunchScreen.storyboard in Resources */ = {isa = PBXBuildFile; fileRef = 195755492090685F007C88B6 /* LaunchScreen.storyboard */; };
		1957555620906860007C88B6 /* DemoTests.swift in Sources */ = {isa = PBXBuildFile; fileRef = 1957555520906860007C88B6 /* DemoTests.swift */; };
		1957556120906860007C88B6 /* DemoUITests.swift in Sources */ = {isa = PBXBuildFile; fileRef = 1957556020906860007C88B6 /* DemoUITests.swift */; };
		1965631B2091D35D00361973 /* Sync.swift in Sources */ = {isa = PBXBuildFile; fileRef = 1965631A2091D35D00361973 /* Sync.swift */; };
/* End PBXBuildFile section */

/* Begin PBXContainerItemProxy section */
		1957555220906860007C88B6 /* PBXContainerItemProxy */ = {
			isa = PBXContainerItemProxy;
			containerPortal = 195755352090685F007C88B6 /* Project object */;
			proxyType = 1;
			remoteGlobalIDString = 1957553C2090685F007C88B6;
			remoteInfo = Demo;
		};
		1957555D20906860007C88B6 /* PBXContainerItemProxy */ = {
			isa = PBXContainerItemProxy;
			containerPortal = 195755352090685F007C88B6 /* Project object */;
			proxyType = 1;
			remoteGlobalIDString = 1957553C2090685F007C88B6;
			remoteInfo = Demo;
		};
/* End PBXContainerItemProxy section */

/* Begin PBXFileReference section */
		1957553D2090685F007C88B6 /* Demo.app */ = {isa = PBXFileReference; explicitFileType = wrapper.application; includeInIndex = 0; path = Demo.app; sourceTree = BUILT_PRODUCTS_DIR; };
		195755402090685F007C88B6 /* AppDelegate.swift */ = {isa = PBXFileReference; lastKnownFileType = sourcecode.swift; path = AppDelegate.swift; sourceTree = "<group>"; };
		195755422090685F007C88B6 /* ViewController.swift */ = {isa = PBXFileReference; lastKnownFileType = sourcecode.swift; path = ViewController.swift; sourceTree = "<group>"; };
		195755452090685F007C88B6 /* Base */ = {isa = PBXFileReference; lastKnownFileType = file.storyboard; name = Base; path = Base.lproj/Main.storyboard; sourceTree = "<group>"; };
		195755472090685F007C88B6 /* Assets.xcassets */ = {isa = PBXFileReference; lastKnownFileType = folder.assetcatalog; path = Assets.xcassets; sourceTree = "<group>"; };
		1957554A2090685F007C88B6 /* Base */ = {isa = PBXFileReference; lastKnownFileType = file.storyboard; name = Base; path = Base.lproj/LaunchScreen.storyboard; sourceTree = "<group>"; };
		1957554C2090685F007C88B6 /* Info.plist */ = {isa = PBXFileReference; lastKnownFileType = text.plist.xml; path = Info.plist; sourceTree = "<group>"; };
		1957555120906860007C88B6 /* DemoTests.xctest */ = {isa = PBXFileReference; explicitFileType = wrapper.cfbundle; includeInIndex = 0; path = DemoTests.xctest; sourceTree = BUILT_PRODUCTS_DIR; };
		1957555520906860007C88B6 /* DemoTests.swift */ = {isa = PBXFileReference; lastKnownFileType = sourcecode.swift; path = DemoTests.swift; sourceTree = "<group>"; };
		1957555720906860007C88B6 /* Info.plist */ = {isa = PBXFileReference; lastKnownFileType = text.plist.xml; path = Info.plist; sourceTree = "<group>"; };
		1957555C20906860007C88B6 /* DemoUITests.xctest */ = {isa = PBXFileReference; explicitFileType = wrapper.cfbundle; includeInIndex = 0; path = DemoUITests.xctest; sourceTree = BUILT_PRODUCTS_DIR; };
		1957556020906860007C88B6 /* DemoUITests.swift */ = {isa = PBXFileReference; lastKnownFileType = sourcecode.swift; path = DemoUITests.swift; sourceTree = "<group>"; };
		1957556220906860007C88B6 /* Info.plist */ = {isa = PBXFileReference; lastKnownFileType = text.plist.xml; path = Info.plist; sourceTree = "<group>"; };
		1965631A2091D35D00361973 /* Sync.swift */ = {isa = PBXFileReference; lastKnownFileType = sourcecode.swift; path = Sync.swift; sourceTree = "<group>"; };
/* End PBXFileReference section */

/* Begin PBXFrameworksBuildPhase section */
		1957553A2090685F007C88B6 /* Frameworks */ = {
			isa = PBXFrameworksBuildPhase;
			buildActionMask = 2147483647;
			files = (
			);
			runOnlyForDeploymentPostprocessing = 0;
		};
		1957554E20906860007C88B6 /* Frameworks */ = {
			isa = PBXFrameworksBuildPhase;
			buildActionMask = 2147483647;
			files = (
			);
			runOnlyForDeploymentPostprocessing = 0;
		};
		1957555920906860007C88B6 /* Frameworks */ = {
			isa = PBXFrameworksBuildPhase;
			buildActionMask = 2147483647;
			files = (
			);
			runOnlyForDeploymentPostprocessing = 0;
		};
/* End PBXFrameworksBuildPhase section */

/* Begin PBXGroup section */
		195755342090685F007C88B6 = {
			isa = PBXGroup;
			children = (
				1957553F2090685F007C88B6 /* Demo */,
				1957555420906860007C88B6 /* DemoTests */,
				1957555F20906860007C88B6 /* DemoUITests */,
				1957553E2090685F007C88B6 /* Products */,
			);
			sourceTree = "<group>";
		};
		1957553E2090685F007C88B6 /* Products */ = {
			isa = PBXGroup;
			children = (
				1957553D2090685F007C88B6 /* Demo.app */,
				1957555120906860007C88B6 /* DemoTests.xctest */,
				1957555C20906860007C88B6 /* DemoUITests.xctest */,
			);
			name = Products;
			sourceTree = "<group>";
		};
		1957553F2090685F007C88B6 /* Demo */ = {
			isa = PBXGroup;
			children = (
				195755402090685F007C88B6 /* AppDelegate.swift */,
				195755422090685F007C88B6 /* ViewController.swift */,
				1965631A2091D35D00361973 /* Sync.swift */,
				195755442090685F007C88B6 /* Main.storyboard */,
				195755472090685F007C88B6 /* Assets.xcassets */,
				195755492090685F007C88B6 /* LaunchScreen.storyboard */,
				1957554C2090685F007C88B6 /* Info.plist */,
			);
			path = Demo;
			sourceTree = "<group>";
		};
		1957555420906860007C88B6 /* DemoTests */ = {
			isa = PBXGroup;
			children = (
				1957555520906860007C88B6 /* DemoTests.swift */,
				1957555720906860007C88B6 /* Info.plist */,
			);
			path = DemoTests;
			sourceTree = "<group>";
		};
		1957555F20906860007C88B6 /* DemoUITests */ = {
			isa = PBXGroup;
			children = (
				1957556020906860007C88B6 /* DemoUITests.swift */,
				1957556220906860007C88B6 /* Info.plist */,
			);
			path = DemoUITests;
			sourceTree = "<group>";
		};
/* End PBXGroup section */

/* Begin PBXNativeTarget section */
		1957553C2090685F007C88B6 /* Demo */ = {
			isa = PBXNativeTarget;
			buildConfigurationList = 1957556520906860007C88B6 /* Build configuration list for PBXNativeTarget "Demo" */;
			buildPhases = (
				195755392090685F007C88B6 /* Sources */,
				1957553A2090685F007C88B6 /* Frameworks */,
				1957553B2090685F007C88B6 /* Resources */,
			);
			buildRules = (
			);
			dependencies = (
			);
			name = Demo;
			productName = Demo;
			productReference = 1957553D2090685F007C88B6 /* Demo.app */;
			productType = "com.apple.product-type.application";
		};
		1957555020906860007C88B6 /* DemoTests */ = {
			isa = PBXNativeTarget;
			buildConfigurationList = 1957556820906860007C88B6 /* Build configuration list for PBXNativeTarget "DemoTests" */;
			buildPhases = (
				1957554D20906860007C88B6 /* Sources */,
				1957554E20906860007C88B6 /* Frameworks */,
				1957554F20906860007C88B6 /* Resources */,
			);
			buildRules = (
			);
			dependencies = (
				1957555320906860007C88B6 /* PBXTargetDependency */,
			);
			name = DemoTests;
			productName = DemoTests;
			productReference = 1957555120906860007C88B6 /* DemoTests.xctest */;
			productType = "com.apple.product-type.bundle.unit-test";
		};
		1957555B20906860007C88B6 /* DemoUITests */ = {
			isa = PBXNativeTarget;
			buildConfigurationList = 1957556B20906860007C88B6 /* Build configuration list for PBXNativeTarget "DemoUITests" */;
			buildPhases = (
				1957555820906860007C88B6 /* Sources */,
				1957555920906860007C88B6 /* Frameworks */,
				1957555A20906860007C88B6 /* Resources */,
			);
			buildRules = (
			);
			dependencies = (
				1957555E20906860007C88B6 /* PBXTargetDependency */,
			);
			name = DemoUITests;
			productName = DemoUITests;
			productReference = 1957555C20906860007C88B6 /* DemoUITests.xctest */;
			productType = "com.apple.product-type.bundle.ui-testing";
		};
/* End PBXNativeTarget section */

/* Begin PBXProject section */
		195755352090685F007C88B6 /* Project object */ = {
			isa = PBXProject;
			attributes = {
				LastSwiftUpdateCheck = 0920;
				LastUpgradeCheck = 0920;
				ORGANIZATIONNAME = com.yhy;
				TargetAttributes = {
					1957553C2090685F007C88B6 = {
						CreatedOnToolsVersion = 9.2;
						ProvisioningStyle = Automatic;
					};
					1957555020906860007C88B6 = {
						CreatedOnToolsVersion = 9.2;
						ProvisioningStyle = Automatic;
						TestTargetID = 1957553C2090685F007C88B6;
					};
					1957555B20906860007C88B6 = {
						CreatedOnToolsVersion = 9.2;
						ProvisioningStyle = Automatic;
						TestTargetID = 1957553C2090685F007C88B6;
					};
				};
			};
			buildConfigurationList = 195755382090685F007C88B6 /* Build configuration list for PBXProject "Demo" */;
			compatibilityVersion = "Xcode 8.0";
			developmentRegion = en;
			hasScannedForEncodings = 0;
			knownRegions = (
				en,
				Base,
			);
			mainGroup = 195755342090685F007C88B6;
			productRefGroup = 1957553E2090685F007C88B6 /* Products */;
			projectDirPath = "";
			projectRoot = "";
			targets = (
				1957553C2090685F007C88B6 /* Demo */,
				1957555020906860007C88B6 /* DemoTests */,
				1957555B20906860007C88B6 /* DemoUITests */,
			);
		};
/* End PBXProject section */

/* Begin PBXResourcesBuildPhase section */
		1957553B2090685F007C88B6 /* Resources */ = {
			isa = PBXResourcesBuildPhase;
			buildActionMask = 2147483647;
			files = (
				1957554B2090685F007C88B6 /* LaunchScreen.storyboard in Resources */,
				195755482090685F007C88B6 /* Assets.xcassets in Resources */,
				195755462090685F007C88B6 /* Main.storyboard in Resources */,
			);
			runOnlyForDeploymentPostprocessing = 0;
		};
		1957554F20906860007C88B6 /* Resources */ = {
			isa = PBXResourcesBuildPhase;
			buildActionMask = 2147483647;
			files = (
			);
			runOnlyForDeploymentPostprocessing = 0;
		};
		1957555A20906860007C88B6 /* Resources */ = {
			isa = PBXResourcesBuildPhase;
			buildActionMask = 2147483647;
			files = (
			);
			runOnlyForDeploymentPostprocessing = 0;
		};
/* End PBXResourcesBuildPhase section */

/* Begin PBXSourcesBuildPhase section */
		195755392090685F007C88B6 /* Sources */ = {
			isa = PBXSourcesBuildPhase;
			buildActionMask = 2147483647;
			files = (
				195755432090685F007C88B6 /* ViewController.swift in Sources */,
				1965631B2091D35D00361973 /* Sync.swift in Sources */,
				195755412090685F007C88B6 /* AppDelegate.swift in Sources */,
			);
			runOnlyForDeploymentPostprocessing = 0;
		};
		1957554D20906860007C88B6 /* Sources */ = {
			isa = PBXSourcesBuildPhase;
			buildActionMask = 2147483647;
			files = (
				1957555620906860007C88B6 /* DemoTests.swift in Sources */,
			);
			runOnlyForDeploymentPostprocessing = 0;
		};
		1957555820906860007C88B6 /* Sources */ = {
			isa = PBXSourcesBuildPhase;
			buildActionMask = 2147483647;
			files = (
				1957556120906860007C88B6 /* DemoUITests.swift in Sources */,
			);
			runOnlyForDeploymentPostprocessing = 0;
		};
/* End PBXSourcesBuildPhase section */

/* Begin PBXTargetDependency section */
		1957555320906860007C88B6 /* PBXTargetDependency */ = {
			isa = PBXTargetDependency;
			target = 1957553C2090685F007C88B6 /* Demo */;
			targetProxy = 1957555220906860007C88B6 /* PBXContainerItemProxy */;
		};
		1957555E20906860007C88B6 /* PBXTargetDependency */ = {
			isa = PBXTargetDependency;
			target = 1957553C2090685F007C88B6 /* Demo */;
			targetProxy = 1957555D20906860007C88B6 /* PBXContainerItemProxy */;
		};
/* End PBXTargetDependency section */

/* Begin PBXVariantGroup section */
		195755442090685F007C88B6 /* Main.storyboard */ = {
			isa = PBXVariantGroup;
			children = (
				195755452090685F007C88B6 /* Base */,
			);
			name = Main.storyboard;
			sourceTree = "<group>";
		};
		195755492090685F007C88B6 /* LaunchScreen.storyboard */ = {
			isa = PBXVariantGroup;
			children = (
				1957554A2090685F007C88B6 /* Base */,
			);
			name = LaunchScreen.storyboard;
			sourceTree = "<group>";
		};
/* End PBXVariantGroup section */

/* Begin XCBuildConfiguration section */
		1957556320906860007C88B6 /* Debug */ = {
			isa = XCBuildConfiguration;
			buildSettings = {
				ALWAYS_SEARCH_USER_PATHS = NO;
				CLANG_ANALYZER_NONNULL = YES;
				CLANG_ANALYZER_NUMBER_OBJECT_CONVERSION = YES_AGGRESSIVE;
				CLANG_CXX_LANGUAGE_STANDARD = "gnu++14";
				CLANG_CXX_LIBRARY = "libc++";
				CLANG_ENABLE_MODULES = YES;
				CLANG_ENABLE_OBJC_ARC = YES;
				CLANG_WARN_BLOCK_CAPTURE_AUTORELEASING = YES;
				CLANG_WARN_BOOL_CONVERSION = YES;
				CLANG_WARN_COMMA = YES;
				CLANG_WARN_CONSTANT_CONVERSION = YES;
				CLANG_WARN_DIRECT_OBJC_ISA_USAGE = YES_ERROR;
				CLANG_WARN_DOCUMENTATION_COMMENTS = YES;
				CLANG_WARN_EMPTY_BODY = YES;
				CLANG_WARN_ENUM_CONVERSION = YES;
				CLANG_WARN_INFINITE_RECURSION = YES;
				CLANG_WARN_INT_CONVERSION = YES;
				CLANG_WARN_NON_LITERAL_NULL_CONVERSION = YES;
				CLANG_WARN_OBJC_LITERAL_CONVERSION = YES;
				CLANG_WARN_OBJC_ROOT_CLASS = YES_ERROR;
				CLANG_WARN_RANGE_LOOP_ANALYSIS = YES;
				CLANG_WARN_STRICT_PROTOTYPES = YES;
				CLANG_WARN_SUSPICIOUS_MOVE = YES;
				CLANG_WARN_UNGUARDED_AVAILABILITY = YES_AGGRESSIVE;
				CLANG_WARN_UNREACHABLE_CODE = YES;
				CLANG_WARN__DUPLICATE_METHOD_MATCH = YES;
				CODE_SIGN_IDENTITY = "iPhone Developer";
				COPY_PHASE_STRIP = NO;
				DEBUG_INFORMATION_FORMAT = dwarf;
				ENABLE_STRICT_OBJC_MSGSEND = YES;
				ENABLE_TESTABILITY = YES;
				GCC_C_LANGUAGE_STANDARD = gnu11;
				GCC_DYNAMIC_NO_PIC = NO;
				GCC_NO_COMMON_BLOCKS = YES;
				GCC_OPTIMIZATION_LEVEL = 0;
				GCC_PREPROCESSOR_DEFINITIONS = (
					"DEBUG=1",
					"$(inherited)",
				);
				GCC_WARN_64_TO_32_BIT_CONVERSION = YES;
				GCC_WARN_ABOUT_RETURN_TYPE = YES_ERROR;
				GCC_WARN_UNDECLARED_SELECTOR = YES;
				GCC_WARN_UNINITIALIZED_AUTOS = YES_AGGRESSIVE;
				GCC_WARN_UNUSED_FUNCTION = YES;
				GCC_WARN_UNUSED_VARIABLE = YES;
				IPHONEOS_DEPLOYMENT_TARGET = 11.2;
				MTL_ENABLE_DEBUG_INFO = YES;
				ONLY_ACTIVE_ARCH = YES;
				SDKROOT = iphoneos;
				SWIFT_ACTIVE_COMPILATION_CONDITIONS = DEBUG;
				SWIFT_OPTIMIZATION_LEVEL = "-Onone";
			};
			name = Debug;
		};
		1957556420906860007C88B6 /* Release */ = {
			isa = XCBuildConfiguration;
			buildSettings = {
				ALWAYS_SEARCH_USER_PATHS = NO;
				CLANG_ANALYZER_NONNULL = YES;
				CLANG_ANALYZER_NUMBER_OBJECT_CONVERSION = YES_AGGRESSIVE;
				CLANG_CXX_LANGUAGE_STANDARD = "gnu++14";
				CLANG_CXX_LIBRARY = "libc++";
				CLANG_ENABLE_MODULES = YES;
				CLANG_ENABLE_OBJC_ARC = YES;
				CLANG_WARN_BLOCK_CAPTURE_AUTORELEASING = YES;
				CLANG_WARN_BOOL_CONVERSION = YES;
				CLANG_WARN_COMMA = YES;
				CLANG_WARN_CONSTANT_CONVERSION = YES;
				CLANG_WARN_DIRECT_OBJC_ISA_USAGE = YES_ERROR;
				CLANG_WARN_DOCUMENTATION_COMMENTS = YES;
				CLANG_WARN_EMPTY_BODY = YES;
				CLANG_WARN_ENUM_CONVERSION = YES;
				CLANG_WARN_INFINITE_RECURSION = YES;
				CLANG_WARN_INT_CONVERSION = YES;
				CLANG_WARN_NON_LITERAL_NULL_CONVERSION = YES;
				CLANG_WARN_OBJC_LITERAL_CONVERSION = YES;
				CLANG_WARN_OBJC_ROOT_CLASS = YES_ERROR;
				CLANG_WARN_RANGE_LOOP_ANALYSIS = YES;
				CLANG_WARN_STRICT_PROTOTYPES = YES;
				CLANG_WARN_SUSPICIOUS_MOVE = YES;
				CLANG_WARN_UNGUARDED_AVAILABILITY = YES_AGGRESSIVE;
				CLANG_WARN_UNREACHABLE_CODE = YES;
				CLANG_WARN__DUPLICATE_METHOD_MATCH = YES;
				CODE_SIGN_IDENTITY = "iPhone Developer";
				COPY_PHASE_STRIP = NO;
				DEBUG_INFORMATION_FORMAT = "dwarf-with-dsym";
				ENABLE_NS_ASSERTIONS = NO;
				ENABLE_STRICT_OBJC_MSGSEND = YES;
				GCC_C_LANGUAGE_STANDARD = gnu11;
				GCC_NO_COMMON_BLOCKS = YES;
				GCC_WARN_64_TO_32_BIT_CONVERSION = YES;
				GCC_WARN_ABOUT_RETURN_TYPE = YES_ERROR;
				GCC_WARN_UNDECLARED_SELECTOR = YES;
				GCC_WARN_UNINITIALIZED_AUTOS = YES_AGGRESSIVE;
				GCC_WARN_UNUSED_FUNCTION = YES;
				GCC_WARN_UNUSED_VARIABLE = YES;
				IPHONEOS_DEPLOYMENT_TARGET = 11.2;
				MTL_ENABLE_DEBUG_INFO = NO;
				SDKROOT = iphoneos;
				SWIFT_OPTIMIZATION_LEVEL = "-Owholemodule";
				VALIDATE_PRODUCT = YES;
			};
			name = Release;
		};
		1957556620906860007C88B6 /* Debug */ = {
			isa = XCBuildConfiguration;
			buildSettings = {
				ASSETCATALOG_COMPILER_APPICON_NAME = AppIcon;
				CODE_SIGN_STYLE = Automatic;
				DEVELOPMENT_TEAM = 558S72BJ24;
				INFOPLIST_FILE = Demo/Info.plist;
				LD_RUNPATH_SEARCH_PATHS = "$(inherited) @executable_path/Frameworks";
				PRODUCT_BUNDLE_IDENTIFIER = com.yhy.Demo;
				PRODUCT_NAME = "$(TARGET_NAME)";
				SWIFT_VERSION = 4.0;
				TARGETED_DEVICE_FAMILY = "1,2";
			};
			name = Debug;
		};
		1957556720906860007C88B6 /* Release */ = {
			isa = XCBuildConfiguration;
			buildSettings = {
				ASSETCATALOG_COMPILER_APPICON_NAME = AppIcon;
				CODE_SIGN_STYLE = Automatic;
				DEVELOPMENT_TEAM = 558S72BJ24;
				INFOPLIST_FILE = Demo/Info.plist;
				LD_RUNPATH_SEARCH_PATHS = "$(inherited) @executable_path/Frameworks";
				PRODUCT_BUNDLE_IDENTIFIER = com.yhy.Demo;
				PRODUCT_NAME = "$(TARGET_NAME)";
				SWIFT_VERSION = 4.0;
				TARGETED_DEVICE_FAMILY = "1,2";
			};
			name = Release;
		};
		1957556920906860007C88B6 /* Debug */ = {
			isa = XCBuildConfiguration;
			buildSettings = {
				ALWAYS_EMBED_SWIFT_STANDARD_LIBRARIES = YES;
				BUNDLE_LOADER = "$(TEST_HOST)";
				CODE_SIGN_STYLE = Automatic;
				DEVELOPMENT_TEAM = 558S72BJ24;
				INFOPLIST_FILE = DemoTests/Info.plist;
				LD_RUNPATH_SEARCH_PATHS = "$(inherited) @executable_path/Frameworks @loader_path/Frameworks";
				PRODUCT_BUNDLE_IDENTIFIER = com.yhy.DemoTests;
				PRODUCT_NAME = "$(TARGET_NAME)";
				SWIFT_VERSION = 4.0;
				TARGETED_DEVICE_FAMILY = "1,2";
				TEST_HOST = "$(BUILT_PRODUCTS_DIR)/Demo.app/Demo";
			};
			name = Debug;
		};
		1957556A20906860007C88B6 /* Release */ = {
			isa = XCBuildConfiguration;
			buildSettings = {
				ALWAYS_EMBED_SWIFT_STANDARD_LIBRARIES = YES;
				BUNDLE_LOADER = "$(TEST_HOST)";
				CODE_SIGN_STYLE = Automatic;
				DEVELOPMENT_TEAM = 558S72BJ24;
				INFOPLIST_FILE = DemoTests/Info.plist;
				LD_RUNPATH_SEARCH_PATHS = "$(inherited) @executable_path/Frameworks @loader_path/Frameworks";
				PRODUCT_BUNDLE_IDENTIFIER = com.yhy.DemoTests;
				PRODUCT_NAME = "$(TARGET_NAME)";
				SWIFT_VERSION = 4.0;
				TARGETED_DEVICE_FAMILY = "1,2";
				TEST_HOST = "$(BUILT_PRODUCTS_DIR)/Demo.app/Demo";
			};
			name = Release;
		};
		1957556C20906860007C88B6 /* Debug */ = {
			isa = XCBuildConfiguration;
			buildSettings = {
				ALWAYS_EMBED_SWIFT_STANDARD_LIBRARIES = YES;
				CODE_SIGN_STYLE = Automatic;
				DEVELOPMENT_TEAM = 558S72BJ24;
				INFOPLIST_FILE = DemoUITests/Info.plist;
				LD_RUNPATH_SEARCH_PATHS = "$(inherited) @executable_path/Frameworks @loader_path/Frameworks";
				PRODUCT_BUNDLE_IDENTIFIER = com.yhy.DemoUITests;
				PRODUCT_NAME = "$(TARGET_NAME)";
				SWIFT_VERSION = 4.0;
				TARGETED_DEVICE_FAMILY = "1,2";
				TEST_TARGET_NAME = Demo;
			};
			name = Debug;
		};
		1957556D20906860007C88B6 /* Release */ = {
			isa = XCBuildConfiguration;
			buildSettings = {
				ALWAYS_EMBED_SWIFT_STANDARD_LIBRARIES = YES;
				CODE_SIGN_STYLE = Automatic;
				DEVELOPMENT_TEAM = 558S72BJ24;
				INFOPLIST_FILE = DemoUITests/Info.plist;
				LD_RUNPATH_SEARCH_PATHS = "$(inherited) @executable_path/Frameworks @loader_path/Frameworks";
				PRODUCT_BUNDLE_IDENTIFIER = com.yhy.DemoUITests;
				PRODUCT_NAME = "$(TARGET_NAME)";
				SWIFT_VERSION = 4.0;
				TARGETED_DEVICE_FAMILY = "1,2";
				TEST_TARGET_NAME = Demo;
			};
			name = Release;
		};
/* End XCBuildConfiguration section */

/* Begin XCConfigurationList section */
		195755382090685F007C88B6 /* Build configuration list for PBXProject "Demo" */ = {
			isa = XCConfigurationList;
			buildConfigurations = (
				1957556320906860007C88B6 /* Debug */,
				1957556420906860007C88B6 /* Release */,
			);
			defaultConfigurationIsVisible = 0;
			defaultConfigurationName = Release;
		};
		1957556520906860007C88B6 /* Build configuration list for PBXNativeTarget "Demo" */ = {
			isa = XCConfigurationList;
			buildConfigurations = (
				1957556620906860007C88B6 /* Debug */,
				1957556720906860007C88B6 /* Release */,
			);
			defaultConfigurationIsVisible = 0;
			defaultConfigurationName = Release;
		};
		1957556820906860007C88B6 /* Build configuration list for PBXNativeTarget "DemoTests" */ = {
			isa = XCConfigurationList;
			buildConfigurations = (
				1957556920906860007C88B6 /* Debug */,
				1957556A20906860007C88B6 /* Release */,
			);
			defaultConfigurationIsVisible = 0;
			defaultConfigurationName = Release;
		};
		1957556B20906860007C88B6 /* Build configuration list for PBXNativeTarget "DemoUITests" */ = {
			isa = XCConfigurationList;
			buildConfigurations = (
				1957556C20906860007C88B6 /* Debug */,
				1957556D20906860007C88B6 /* Release */,
			);
			defaultConfigurationIsVisible = 0;
			defaultConfigurationName = Release;
		};
/* End XCConfigurationList section */
	};
	rootObject = 195755352090685F007C88B6 /* Project object */;
}
